
Microsoft Visual Studio Solution File, Format Version 12.00
# Visual Studio 2012
Project("{FAE04EC0-301F-11D3-BF4B-00C04F79EFBC}") = "AdalXamarinAndroid", "AdalXamarinAndroid\AdalXamarinAndroid.csproj", "{798B6332-0163-4850-AE52-34A803D0DCCE}"
EndProject
Global
	GlobalSection(SolutionConfigurationPlatforms) = preSolution
		Debug|Any CPU = Debug|Any CPU
		Release|Any CPU = Release|Any CPU
	EndGlobalSection
	GlobalSection(ProjectConfigurationPlatforms) = postSolution
		{798B6332-0163-4850-AE52-34A803D0DCCE}.Debug|Any CPU.ActiveCfg = Debug|Any CPU
		{798B6332-0163-4850-AE52-34A803D0DCCE}.Debug|Any CPU.Build.0 = Debug|Any CPU
		{798B6332-0163-4850-AE52-34A803D0DCCE}.Release|Any CPU.ActiveCfg = Release|Any CPU
		{798B6332-0163-4850-AE52-34A803D0DCCE}.Release|Any CPU.Build.0 = Release|Any CPU
	EndGlobalSection
	GlobalSection(MonoDevelopProperties) = preSolution
		StartupItem = AdalXamarinAndroid\AdalXamarinAndroid.csproj
	EndGlobalSection
EndGlobal
